
Microsoft Visual Studio Solution File, Format Version 12.00
# Visual Studio Version 17
VisualStudioVersion = 17.1.32414.318
MinimumVisualStudioVersion = 10.0.40219.1
Project("{FAE04EC0-301F-11D3-BF4B-00C04F79EFBC}") = "Bank", "Bank\Bank.csproj", "{C905F630-CB63-42D6-9A63-FAE6B1FE1298}"
EndProject
Project("{FAE04EC0-301F-11D3-BF4B-00C04F79EFBC}") = "BankTest", "BankTest\BankTest.csproj", "{9F4000DA-C103-411A-AB80-8492517A7F47}"
EndProject
Global
	GlobalSection(SolutionConfigurationPlatforms) = preSolution
		Debug|Any CPU = Debug|Any CPU
		Release|Any CPU = Release|Any CPU
	EndGlobalSection
	GlobalSection(ProjectConfigurationPlatforms) = postSolution
		{C905F630-CB63-42D6-9A63-FAE6B1FE1298}.Debug|Any CPU.ActiveCfg = Debug|Any CPU
		{C905F630-CB63-42D6-9A63-FAE6B1FE1298}.Debug|Any CPU.Build.0 = Debug|Any CPU
		{C905F630-CB63-42D6-9A63-FAE6B1FE1298}.Release|Any CPU.ActiveCfg = Release|Any CPU
		{C905F630-CB63-42D6-9A63-FAE6B1FE1298}.Release|Any CPU.Build.0 = Release|Any CPU
		{9F4000DA-C103-411A-AB80-8492517A7F47}.Debug|Any CPU.ActiveCfg = Debug|Any CPU
		{9F4000DA-C103-411A-AB80-8492517A7F47}.Debug|Any CPU.Build.0 = Debug|Any CPU
		{9F4000DA-C103-411A-AB80-8492517A7F47}.Release|Any CPU.ActiveCfg = Release|Any CPU
		{9F4000DA-C103-411A-AB80-8492517A7F47}.Release|Any CPU.Build.0 = Release|Any CPU
	EndGlobalSection
	GlobalSection(SolutionProperties) = preSolution
		HideSolutionNode = FALSE
	EndGlobalSection
	GlobalSection(ExtensibilityGlobals) = postSolution
		SolutionGuid = {27F68EF3-93D9-4319-A6E3-F0B36A8C1B54}
	EndGlobalSection
EndGlobal
